// !$*UTF8*$!
{
	archiveVersion = 1;
	classes = {
	};
	objectVersion = 56;
	objects = {

/* Begin PBXBuildFile section */
		00DF82882A52DAEC00530A39 /* AppDelegate.swift in Sources */ = {isa = PBXBuildFile; fileRef = 00DF82872A52DAEC00530A39 /* AppDelegate.swift */; };
		00DF828A2A52DAEC00530A39 /* SceneDelegate.swift in Sources */ = {isa = PBXBuildFile; fileRef = 00DF82892A52DAEC00530A39 /* SceneDelegate.swift */; };
		00DF828C2A52DAEC00530A39 /* ImageListViewController.swift in Sources */ = {isa = PBXBuildFile; fileRef = 00DF828B2A52DAEC00530A39 /* ImageListViewController.swift */; };
		00DF82912A52DAED00530A39 /* Assets.xcassets in Resources */ = {isa = PBXBuildFile; fileRef = 00DF82902A52DAED00530A39 /* Assets.xcassets */; };
		00DF82942A52DAED00530A39 /* LaunchScreen.storyboard in Resources */ = {isa = PBXBuildFile; fileRef = 00DF82922A52DAED00530A39 /* LaunchScreen.storyboard */; };
		00DF829D2A52DBC200530A39 /* SnapKit in Frameworks */ = {isa = PBXBuildFile; productRef = 00DF829C2A52DBC200530A39 /* SnapKit */; };
		00DF82A62A52DCDC00530A39 /* ImageListViewModel.swift in Sources */ = {isa = PBXBuildFile; fileRef = 00DF82A52A52DCDC00530A39 /* ImageListViewModel.swift */; };
		00DF82AA2A52DD0E00530A39 /* NetworkService.swift in Sources */ = {isa = PBXBuildFile; fileRef = 00DF82A92A52DD0E00530A39 /* NetworkService.swift */; };
		00DF82AC2A52DDD200530A39 /* ImageTableViewCell.swift in Sources */ = {isa = PBXBuildFile; fileRef = 00DF82AB2A52DDD200530A39 /* ImageTableViewCell.swift */; };
		00DF82AF2A52E0E300530A39 /* SDWebImage in Frameworks */ = {isa = PBXBuildFile; productRef = 00DF82AE2A52E0E300530A39 /* SDWebImage */; };
		00DF82B22A5317CD00530A39 /* ImageModel.swift in Sources */ = {isa = PBXBuildFile; fileRef = 00DF82B12A5317CD00530A39 /* ImageModel.swift */; };
		00DF82B42A5323BA00530A39 /* ImageDetailViewModel.swift in Sources */ = {isa = PBXBuildFile; fileRef = 00DF82B32A5323BA00530A39 /* ImageDetailViewModel.swift */; };
		00DF82B62A5323C700530A39 /* ImageDetailViewController.swift in Sources */ = {isa = PBXBuildFile; fileRef = 00DF82B52A5323C700530A39 /* ImageDetailViewController.swift */; };
		00DF82BB2A533D3100530A39 /* AppBuilder.swift in Sources */ = {isa = PBXBuildFile; fileRef = 00DF82BA2A533D3100530A39 /* AppBuilder.swift */; };
/* End PBXBuildFile section */

/* Begin PBXFileReference section */
		00DF82842A52DAEC00530A39 /* PictureLibraryTestTask.app */ = {isa = PBXFileReference; explicitFileType = wrapper.application; includeInIndex = 0; path = PictureLibraryTestTask.app; sourceTree = BUILT_PRODUCTS_DIR; };
		00DF82872A52DAEC00530A39 /* AppDelegate.swift */ = {isa = PBXFileReference; lastKnownFileType = sourcecode.swift; path = AppDelegate.swift; sourceTree = "<group>"; };
		00DF82892A52DAEC00530A39 /* SceneDelegate.swift */ = {isa = PBXFileReference; lastKnownFileType = sourcecode.swift; path = SceneDelegate.swift; sourceTree = "<group>"; };
		00DF828B2A52DAEC00530A39 /* ImageListViewController.swift */ = {isa = PBXFileReference; lastKnownFileType = sourcecode.swift; path = ImageListViewController.swift; sourceTree = "<group>"; };
		00DF82902A52DAED00530A39 /* Assets.xcassets */ = {isa = PBXFileReference; lastKnownFileType = folder.assetcatalog; path = Assets.xcassets; sourceTree = "<group>"; };
		00DF82932A52DAED00530A39 /* Base */ = {isa = PBXFileReference; lastKnownFileType = file.storyboard; name = Base; path = Base.lproj/LaunchScreen.storyboard; sourceTree = "<group>"; };
		00DF82952A52DAED00530A39 /* Info.plist */ = {isa = PBXFileReference; lastKnownFileType = text.plist.xml; path = Info.plist; sourceTree = "<group>"; };
		00DF82A52A52DCDC00530A39 /* ImageListViewModel.swift */ = {isa = PBXFileReference; lastKnownFileType = sourcecode.swift; path = ImageListViewModel.swift; sourceTree = "<group>"; };
		00DF82A92A52DD0E00530A39 /* NetworkService.swift */ = {isa = PBXFileReference; lastKnownFileType = sourcecode.swift; path = NetworkService.swift; sourceTree = "<group>"; };
		00DF82AB2A52DDD200530A39 /* ImageTableViewCell.swift */ = {isa = PBXFileReference; lastKnownFileType = sourcecode.swift; path = ImageTableViewCell.swift; sourceTree = "<group>"; };
		00DF82B12A5317CD00530A39 /* ImageModel.swift */ = {isa = PBXFileReference; lastKnownFileType = sourcecode.swift; path = ImageModel.swift; sourceTree = "<group>"; };
		00DF82B32A5323BA00530A39 /* ImageDetailViewModel.swift */ = {isa = PBXFileReference; lastKnownFileType = sourcecode.swift; path = ImageDetailViewModel.swift; sourceTree = "<group>"; };
		00DF82B52A5323C700530A39 /* ImageDetailViewController.swift */ = {isa = PBXFileReference; lastKnownFileType = sourcecode.swift; path = ImageDetailViewController.swift; sourceTree = "<group>"; };
		00DF82BA2A533D3100530A39 /* AppBuilder.swift */ = {isa = PBXFileReference; lastKnownFileType = sourcecode.swift; path = AppBuilder.swift; sourceTree = "<group>"; };
/* End PBXFileReference section */

/* Begin PBXFrameworksBuildPhase section */
		00DF82812A52DAEC00530A39 /* Frameworks */ = {
			isa = PBXFrameworksBuildPhase;
			buildActionMask = 2147483647;
			files = (
				00DF82AF2A52E0E300530A39 /* SDWebImage in Frameworks */,
				00DF829D2A52DBC200530A39 /* SnapKit in Frameworks */,
			);
			runOnlyForDeploymentPostprocessing = 0;
		};
/* End PBXFrameworksBuildPhase section */

/* Begin PBXGroup section */
		00DF827B2A52DAEC00530A39 = {
			isa = PBXGroup;
			children = (
				00DF82862A52DAEC00530A39 /* PictureLibraryTestTask */,
				00DF82852A52DAEC00530A39 /* Products */,
			);
			sourceTree = "<group>";
		};
		00DF82852A52DAEC00530A39 /* Products */ = {
			isa = PBXGroup;
			children = (
				00DF82842A52DAEC00530A39 /* PictureLibraryTestTask.app */,
			);
			name = Products;
			sourceTree = "<group>";
		};
		00DF82862A52DAEC00530A39 /* PictureLibraryTestTask */ = {
			isa = PBXGroup;
			children = (
				00DF82A02A52DBF300530A39 /* Controller */,
				00DF82B02A5317C600530A39 /* Model */,
				00DF82A42A52DC9800530A39 /* Resources */,
				00DF82A32A52DC3F00530A39 /* App */,
				00DF82922A52DAED00530A39 /* LaunchScreen.storyboard */,
				00DF82952A52DAED00530A39 /* Info.plist */,
				00DF82BA2A533D3100530A39 /* AppBuilder.swift */,
			);
			path = PictureLibraryTestTask;
			sourceTree = "<group>";
		};
		00DF82A02A52DBF300530A39 /* Controller */ = {
			isa = PBXGroup;
			children = (
				00DF82A12A52DC0B00530A39 /* ImageList */,
				00DF82A22A52DC2300530A39 /* ImageListDetail */,
				00DF82A72A52DCF100530A39 /* Service */,
			);
			path = Controller;
			sourceTree = "<group>";
		};
		00DF82A12A52DC0B00530A39 /* ImageList */ = {
			isa = PBXGroup;
			children = (
				00DF828B2A52DAEC00530A39 /* ImageListViewController.swift */,
				00DF82B92A532C1E00530A39 /* ViewModel */,
				00DF82B82A532C1900530A39 /* Cell */,
			);
			path = ImageList;
			sourceTree = "<group>";
		};
		00DF82A22A52DC2300530A39 /* ImageListDetail */ = {
			isa = PBXGroup;
			children = (
				00DF82B52A5323C700530A39 /* ImageDetailViewController.swift */,
				00DF82B72A532C1100530A39 /* ViewModel */,
			);
			path = ImageListDetail;
			sourceTree = "<group>";
		};
		00DF82A32A52DC3F00530A39 /* App */ = {
			isa = PBXGroup;
			children = (
				00DF82872A52DAEC00530A39 /* AppDelegate.swift */,
				00DF82892A52DAEC00530A39 /* SceneDelegate.swift */,
			);
			path = App;
			sourceTree = "<group>";
		};
		00DF82A42A52DC9800530A39 /* Resources */ = {
			isa = PBXGroup;
			children = (
				00DF82902A52DAED00530A39 /* Assets.xcassets */,
			);
			path = Resources;
			sourceTree = "<group>";
		};
		00DF82A72A52DCF100530A39 /* Service */ = {
			isa = PBXGroup;
			children = (
				00DF82A82A52DCFC00530A39 /* NetworkManager */,
			);
			path = Service;
			sourceTree = "<group>";
		};
		00DF82A82A52DCFC00530A39 /* NetworkManager */ = {
			isa = PBXGroup;
			children = (
				00DF82A92A52DD0E00530A39 /* NetworkService.swift */,
			);
			path = NetworkManager;
			sourceTree = "<group>";
		};
		00DF82B02A5317C600530A39 /* Model */ = {
			isa = PBXGroup;
			children = (
				00DF82B12A5317CD00530A39 /* ImageModel.swift */,
			);
			path = Model;
			sourceTree = "<group>";
		};
		00DF82B72A532C1100530A39 /* ViewModel */ = {
			isa = PBXGroup;
			children = (
				00DF82B32A5323BA00530A39 /* ImageDetailViewModel.swift */,
			);
			path = ViewModel;
			sourceTree = "<group>";
		};
		00DF82B82A532C1900530A39 /* Cell */ = {
			isa = PBXGroup;
			children = (
				00DF82AB2A52DDD200530A39 /* ImageTableViewCell.swift */,
			);
			path = Cell;
			sourceTree = "<group>";
		};
		00DF82B92A532C1E00530A39 /* ViewModel */ = {
			isa = PBXGroup;
			children = (
				00DF82A52A52DCDC00530A39 /* ImageListViewModel.swift */,
			);
			path = ViewModel;
			sourceTree = "<group>";
		};
/* End PBXGroup section */

/* Begin PBXNativeTarget section */
		00DF82832A52DAEC00530A39 /* PictureLibraryTestTask */ = {
			isa = PBXNativeTarget;
			buildConfigurationList = 00DF82982A52DAED00530A39 /* Build configuration list for PBXNativeTarget "PictureLibraryTestTask" */;
			buildPhases = (
				00DF82802A52DAEC00530A39 /* Sources */,
				00DF82812A52DAEC00530A39 /* Frameworks */,
				00DF82822A52DAEC00530A39 /* Resources */,
			);
			buildRules = (
			);
			dependencies = (
			);
			name = PictureLibraryTestTask;
			packageProductDependencies = (
				00DF829C2A52DBC200530A39 /* SnapKit */,
				00DF82AE2A52E0E300530A39 /* SDWebImage */,
			);
			productName = PictureLibraryTestTask;
			productReference = 00DF82842A52DAEC00530A39 /* PictureLibraryTestTask.app */;
			productType = "com.apple.product-type.application";
		};
/* End PBXNativeTarget section */

/* Begin PBXProject section */
		00DF827C2A52DAEC00530A39 /* Project object */ = {
			isa = PBXProject;
			attributes = {
				BuildIndependentTargetsInParallel = 1;
				LastSwiftUpdateCheck = 1420;
				LastUpgradeCheck = 1420;
				TargetAttributes = {
					00DF82832A52DAEC00530A39 = {
						CreatedOnToolsVersion = 14.2;
					};
				};
			};
			buildConfigurationList = 00DF827F2A52DAEC00530A39 /* Build configuration list for PBXProject "PictureLibraryTestTask" */;
			compatibilityVersion = "Xcode 14.0";
			developmentRegion = en;
			hasScannedForEncodings = 0;
			knownRegions = (
				en,
				Base,
			);
			mainGroup = 00DF827B2A52DAEC00530A39;
			packageReferences = (
				00DF829B2A52DBC200530A39 /* XCRemoteSwiftPackageReference "SnapKit" */,
				00DF82AD2A52E0E300530A39 /* XCRemoteSwiftPackageReference "SDWebImage" */,
			);
			productRefGroup = 00DF82852A52DAEC00530A39 /* Products */;
			projectDirPath = "";
			projectRoot = "";
			targets = (
				00DF82832A52DAEC00530A39 /* PictureLibraryTestTask */,
			);
		};
/* End PBXProject section */

/* Begin PBXResourcesBuildPhase section */
		00DF82822A52DAEC00530A39 /* Resources */ = {
			isa = PBXResourcesBuildPhase;
			buildActionMask = 2147483647;
			files = (
				00DF82942A52DAED00530A39 /* LaunchScreen.storyboard in Resources */,
				00DF82912A52DAED00530A39 /* Assets.xcassets in Resources */,
			);
			runOnlyForDeploymentPostprocessing = 0;
		};
/* End PBXResourcesBuildPhase section */

/* Begin PBXSourcesBuildPhase section */
		00DF82802A52DAEC00530A39 /* Sources */ = {
			isa = PBXSourcesBuildPhase;
			buildActionMask = 2147483647;
			files = (
				00DF82B62A5323C700530A39 /* ImageDetailViewController.swift in Sources */,
				00DF82AA2A52DD0E00530A39 /* NetworkService.swift in Sources */,
				00DF828C2A52DAEC00530A39 /* ImageListViewController.swift in Sources */,
				00DF82BB2A533D3100530A39 /* AppBuilder.swift in Sources */,
				00DF82882A52DAEC00530A39 /* AppDelegate.swift in Sources */,
				00DF82AC2A52DDD200530A39 /* ImageTableViewCell.swift in Sources */,
				00DF82A62A52DCDC00530A39 /* ImageListViewModel.swift in Sources */,
				00DF828A2A52DAEC00530A39 /* SceneDelegate.swift in Sources */,
				00DF82B22A5317CD00530A39 /* ImageModel.swift in Sources */,
				00DF82B42A5323BA00530A39 /* ImageDetailViewModel.swift in Sources */,
			);
			runOnlyForDeploymentPostprocessing = 0;
		};
/* End PBXSourcesBuildPhase section */

/* Begin PBXVariantGroup section */
		00DF82922A52DAED00530A39 /* LaunchScreen.storyboard */ = {
			isa = PBXVariantGroup;
			children = (
				00DF82932A52DAED00530A39 /* Base */,
			);
			name = LaunchScreen.storyboard;
			sourceTree = "<group>";
		};
/* End PBXVariantGroup section */

/* Begin XCBuildConfiguration section */
		00DF82962A52DAED00530A39 /* Debug */ = {
			isa = XCBuildConfiguration;
			buildSettings = {
				ALWAYS_SEARCH_USER_PATHS = NO;
				CLANG_ANALYZER_NONNULL = YES;
				CLANG_ANALYZER_NUMBER_OBJECT_CONVERSION = YES_AGGRESSIVE;
				CLANG_CXX_LANGUAGE_STANDARD = "gnu++20";
				CLANG_ENABLE_MODULES = YES;
				CLANG_ENABLE_OBJC_ARC = YES;
				CLANG_ENABLE_OBJC_WEAK = YES;
				CLANG_WARN_BLOCK_CAPTURE_AUTORELEASING = YES;
				CLANG_WARN_BOOL_CONVERSION = YES;
				CLANG_WARN_COMMA = YES;
				CLANG_WARN_CONSTANT_CONVERSION = YES;
				CLANG_WARN_DEPRECATED_OBJC_IMPLEMENTATIONS = YES;
				CLANG_WARN_DIRECT_OBJC_ISA_USAGE = YES_ERROR;
				CLANG_WARN_DOCUMENTATION_COMMENTS = YES;
				CLANG_WARN_EMPTY_BODY = YES;
				CLANG_WARN_ENUM_CONVERSION = YES;
				CLANG_WARN_INFINITE_RECURSION = YES;
				CLANG_WARN_INT_CONVERSION = YES;
				CLANG_WARN_NON_LITERAL_NULL_CONVERSION = YES;
				CLANG_WARN_OBJC_IMPLICIT_RETAIN_SELF = YES;
				CLANG_WARN_OBJC_LITERAL_CONVERSION = YES;
				CLANG_WARN_OBJC_ROOT_CLASS = YES_ERROR;
				CLANG_WARN_QUOTED_INCLUDE_IN_FRAMEWORK_HEADER = YES;
				CLANG_WARN_RANGE_LOOP_ANALYSIS = YES;
				CLANG_WARN_STRICT_PROTOTYPES = YES;
				CLANG_WARN_SUSPICIOUS_MOVE = YES;
				CLANG_WARN_UNGUARDED_AVAILABILITY = YES_AGGRESSIVE;
				CLANG_WARN_UNREACHABLE_CODE = YES;
				CLANG_WARN__DUPLICATE_METHOD_MATCH = YES;
				COPY_PHASE_STRIP = NO;
				DEBUG_INFORMATION_FORMAT = dwarf;
				ENABLE_STRICT_OBJC_MSGSEND = YES;
				ENABLE_TESTABILITY = YES;
				GCC_C_LANGUAGE_STANDARD = gnu11;
				GCC_DYNAMIC_NO_PIC = NO;
				GCC_NO_COMMON_BLOCKS = YES;
				GCC_OPTIMIZATION_LEVEL = 0;
				GCC_PREPROCESSOR_DEFINITIONS = (
					"DEBUG=1",
					"$(inherited)",
				);
				GCC_WARN_64_TO_32_BIT_CONVERSION = YES;
				GCC_WARN_ABOUT_RETURN_TYPE = YES_ERROR;
				GCC_WARN_UNDECLARED_SELECTOR = YES;
				GCC_WARN_UNINITIALIZED_AUTOS = YES_AGGRESSIVE;
				GCC_WARN_UNUSED_FUNCTION = YES;
				GCC_WARN_UNUSED_VARIABLE = YES;
				IPHONEOS_DEPLOYMENT_TARGET = 16.2;
				MTL_ENABLE_DEBUG_INFO = INCLUDE_SOURCE;
				MTL_FAST_MATH = YES;
				ONLY_ACTIVE_ARCH = YES;
				SDKROOT = iphoneos;
				SWIFT_ACTIVE_COMPILATION_CONDITIONS = DEBUG;
				SWIFT_OPTIMIZATION_LEVEL = "-Onone";
			};
			name = Debug;
		};
		00DF82972A52DAED00530A39 /* Release */ = {
			isa = XCBuildConfiguration;
			buildSettings = {
				ALWAYS_SEARCH_USER_PATHS = NO;
				CLANG_ANALYZER_NONNULL = YES;
				CLANG_ANALYZER_NUMBER_OBJECT_CONVERSION = YES_AGGRESSIVE;
				CLANG_CXX_LANGUAGE_STANDARD = "gnu++20";
				CLANG_ENABLE_MODULES = YES;
				CLANG_ENABLE_OBJC_ARC = YES;
				CLANG_ENABLE_OBJC_WEAK = YES;
				CLANG_WARN_BLOCK_CAPTURE_AUTORELEASING = YES;
				CLANG_WARN_BOOL_CONVERSION = YES;
				CLANG_WARN_COMMA = YES;
				CLANG_WARN_CONSTANT_CONVERSION = YES;
				CLANG_WARN_DEPRECATED_OBJC_IMPLEMENTATIONS = YES;
				CLANG_WARN_DIRECT_OBJC_ISA_USAGE = YES_ERROR;
				CLANG_WARN_DOCUMENTATION_COMMENTS = YES;
				CLANG_WARN_EMPTY_BODY = YES;
				CLANG_WARN_ENUM_CONVERSION = YES;
				CLANG_WARN_INFINITE_RECURSION = YES;
				CLANG_WARN_INT_CONVERSION = YES;
				CLANG_WARN_NON_LITERAL_NULL_CONVERSION = YES;
				CLANG_WARN_OBJC_IMPLICIT_RETAIN_SELF = YES;
				CLANG_WARN_OBJC_LITERAL_CONVERSION = YES;
				CLANG_WARN_OBJC_ROOT_CLASS = YES_ERROR;
				CLANG_WARN_QUOTED_INCLUDE_IN_FRAMEWORK_HEADER = YES;
				CLANG_WARN_RANGE_LOOP_ANALYSIS = YES;
				CLANG_WARN_STRICT_PROTOTYPES = YES;
				CLANG_WARN_SUSPICIOUS_MOVE = YES;
				CLANG_WARN_UNGUARDED_AVAILABILITY = YES_AGGRESSIVE;
				CLANG_WARN_UNREACHABLE_CODE = YES;
				CLANG_WARN__DUPLICATE_METHOD_MATCH = YES;
				COPY_PHASE_STRIP = NO;
				DEBUG_INFORMATION_FORMAT = "dwarf-with-dsym";
				ENABLE_NS_ASSERTIONS = NO;
				ENABLE_STRICT_OBJC_MSGSEND = YES;
				GCC_C_LANGUAGE_STANDARD = gnu11;
				GCC_NO_COMMON_BLOCKS = YES;
				GCC_WARN_64_TO_32_BIT_CONVERSION = YES;
				GCC_WARN_ABOUT_RETURN_TYPE = YES_ERROR;
				GCC_WARN_UNDECLARED_SELECTOR = YES;
				GCC_WARN_UNINITIALIZED_AUTOS = YES_AGGRESSIVE;
				GCC_WARN_UNUSED_FUNCTION = YES;
				GCC_WARN_UNUSED_VARIABLE = YES;
				IPHONEOS_DEPLOYMENT_TARGET = 16.2;
				MTL_ENABLE_DEBUG_INFO = NO;
				MTL_FAST_MATH = YES;
				SDKROOT = iphoneos;
				SWIFT_COMPILATION_MODE = wholemodule;
				SWIFT_OPTIMIZATION_LEVEL = "-O";
				VALIDATE_PRODUCT = YES;
			};
			name = Release;
		};
		00DF82992A52DAED00530A39 /* Debug */ = {
			isa = XCBuildConfiguration;
			buildSettings = {
				ASSETCATALOG_COMPILER_APPICON_NAME = AppIcon;
				ASSETCATALOG_COMPILER_GLOBAL_ACCENT_COLOR_NAME = AccentColor;
				CODE_SIGN_STYLE = Automatic;
				CURRENT_PROJECT_VERSION = 1;
				DEVELOPMENT_TEAM = W9FSXFWG34;
				GENERATE_INFOPLIST_FILE = YES;
				INFOPLIST_FILE = PictureLibraryTestTask/Info.plist;
				INFOPLIST_KEY_UIApplicationSupportsIndirectInputEvents = YES;
				INFOPLIST_KEY_UILaunchStoryboardName = LaunchScreen;
				INFOPLIST_KEY_UISupportedInterfaceOrientations_iPad = "UIInterfaceOrientationPortrait UIInterfaceOrientationPortraitUpsideDown UIInterfaceOrientationLandscapeLeft UIInterfaceOrientationLandscapeRight";
				INFOPLIST_KEY_UISupportedInterfaceOrientations_iPhone = "UIInterfaceOrientationPortrait UIInterfaceOrientationLandscapeLeft UIInterfaceOrientationLandscapeRight";
				LD_RUNPATH_SEARCH_PATHS = (
					"$(inherited)",
					"@executable_path/Frameworks",
				);
				MARKETING_VERSION = 1.0;
				PRODUCT_BUNDLE_IDENTIFIER = com.b09f4f20c8cc3a10.PictureLibraryTestTask;
				PRODUCT_NAME = "$(TARGET_NAME)";
				SWIFT_EMIT_LOC_STRINGS = YES;
				SWIFT_VERSION = 5.0;
				TARGETED_DEVICE_FAMILY = "1,2";
			};
			name = Debug;
		};
		00DF829A2A52DAED00530A39 /* Release */ = {
			isa = XCBuildConfiguration;
			buildSettings = {
				ASSETCATALOG_COMPILER_APPICON_NAME = AppIcon;
				ASSETCATALOG_COMPILER_GLOBAL_ACCENT_COLOR_NAME = AccentColor;
				CODE_SIGN_STYLE = Automatic;
				CURRENT_PROJECT_VERSION = 1;
				DEVELOPMENT_TEAM = W9FSXFWG34;
				GENERATE_INFOPLIST_FILE = YES;
				INFOPLIST_FILE = PictureLibraryTestTask/Info.plist;
				INFOPLIST_KEY_UIApplicationSupportsIndirectInputEvents = YES;
				INFOPLIST_KEY_UILaunchStoryboardName = LaunchScreen;
				INFOPLIST_KEY_UISupportedInterfaceOrientations_iPad = "UIInterfaceOrientationPortrait UIInterfaceOrientationPortraitUpsideDown UIInterfaceOrientationLandscapeLeft UIInterfaceOrientationLandscapeRight";
				INFOPLIST_KEY_UISupportedInterfaceOrientations_iPhone = "UIInterfaceOrientationPortrait UIInterfaceOrientationLandscapeLeft UIInterfaceOrientationLandscapeRight";
				LD_RUNPATH_SEARCH_PATHS = (
					"$(inherited)",
					"@executable_path/Frameworks",
				);
				MARKETING_VERSION = 1.0;
				PRODUCT_BUNDLE_IDENTIFIER = com.b09f4f20c8cc3a10.PictureLibraryTestTask;
				PRODUCT_NAME = "$(TARGET_NAME)";
				SWIFT_EMIT_LOC_STRINGS = YES;
				SWIFT_VERSION = 5.0;
				TARGETED_DEVICE_FAMILY = "1,2";
			};
			name = Release;
		};
/* End XCBuildConfiguration section */

/* Begin XCConfigurationList section */
		00DF827F2A52DAEC00530A39 /* Build configuration list for PBXProject "PictureLibraryTestTask" */ = {
			isa = XCConfigurationList;
			buildConfigurations = (
				00DF82962A52DAED00530A39 /* Debug */,
				00DF82972A52DAED00530A39 /* Release */,
			);
			defaultConfigurationIsVisible = 0;
			defaultConfigurationName = Release;
		};
		00DF82982A52DAED00530A39 /* Build configuration list for PBXNativeTarget "PictureLibraryTestTask" */ = {
			isa = XCConfigurationList;
			buildConfigurations = (
				00DF82992A52DAED00530A39 /* Debug */,
				00DF829A2A52DAED00530A39 /* Release */,
			);
			defaultConfigurationIsVisible = 0;
			defaultConfigurationName = Release;
		};
/* End XCConfigurationList section */

/* Begin XCRemoteSwiftPackageReference section */
		00DF829B2A52DBC200530A39 /* XCRemoteSwiftPackageReference "SnapKit" */ = {
			isa = XCRemoteSwiftPackageReference;
			repositoryURL = "https://github.com/SnapKit/SnapKit.git";
			requirement = {
				kind = upToNextMajorVersion;
				minimumVersion = 5.6.0;
			};
		};
		00DF82AD2A52E0E300530A39 /* XCRemoteSwiftPackageReference "SDWebImage" */ = {
			isa = XCRemoteSwiftPackageReference;
			repositoryURL = "https://github.com/SDWebImage/SDWebImage.git";
			requirement = {
				kind = upToNextMajorVersion;
				minimumVersion = 5.16.0;
			};
		};
/* End XCRemoteSwiftPackageReference section */

/* Begin XCSwiftPackageProductDependency section */
		00DF829C2A52DBC200530A39 /* SnapKit */ = {
			isa = XCSwiftPackageProductDependency;
			package = 00DF829B2A52DBC200530A39 /* XCRemoteSwiftPackageReference "SnapKit" */;
			productName = SnapKit;
		};
		00DF82AE2A52E0E300530A39 /* SDWebImage */ = {
			isa = XCSwiftPackageProductDependency;
			package = 00DF82AD2A52E0E300530A39 /* XCRemoteSwiftPackageReference "SDWebImage" */;
			productName = SDWebImage;
		};
/* End XCSwiftPackageProductDependency section */
	};
	rootObject = 00DF827C2A52DAEC00530A39 /* Project object */;
}
